
Microsoft Visual Studio Solution File, Format Version 12.00
# Visual Studio Version 17
VisualStudioVersion = 17.2.32516.85
MinimumVisualStudioVersion = 10.0.40219.1
Project("{9A19103F-16F7-4668-BE54-9A1E7A4F7556}") = "SwashbuckleDemo", "SwashbuckleDemo\SwashbuckleDemo.csproj", "{A7B35EB7-4D52-4DA5-B0F8-029A7B960A39}"
EndProject
Global
	GlobalSection(SolutionConfigurationPlatforms) = preSolution
		Debug|Any CPU = Debug|Any CPU
		Release|Any CPU = Release|Any CPU
	EndGlobalSection
	GlobalSection(ProjectConfigurationPlatforms) = postSolution
		{A7B35EB7-4D52-4DA5-B0F8-029A7B960A39}.Debug|Any CPU.ActiveCfg = Debug|Any CPU
		{A7B35EB7-4D52-4DA5-B0F8-029A7B960A39}.Debug|Any CPU.Build.0 = Debug|Any CPU
		{A7B35EB7-4D52-4DA5-B0F8-029A7B960A39}.Release|Any CPU.ActiveCfg = Release|Any CPU
		{A7B35EB7-4D52-4DA5-B0F8-029A7B960A39}.Release|Any CPU.Build.0 = Release|Any CPU
	EndGlobalSection
	GlobalSection(SolutionProperties) = preSolution
		HideSolutionNode = FALSE
	EndGlobalSection
	GlobalSection(ExtensibilityGlobals) = postSolution
		SolutionGuid = {C25583DA-B1E6-4F89-AC82-0508BAEDADBF}
	EndGlobalSection
EndGlobal
